
Microsoft Visual Studio Solution File, Format Version 12.00
# Visual Studio Version 17
VisualStudioVersion = 17.6.33829.357
MinimumVisualStudioVersion = 10.0.40219.1
Project("{FAE04EC0-301F-11D3-BF4B-00C04F79EFBC}") = "UnsafeCode_TeamPlay", "UnsafeCode_TeamPlay.csproj", "{AD95B8C1-E7AD-49E6-A15D-558FB9376ABD}"
EndProject
Global
	GlobalSection(SolutionConfigurationPlatforms) = preSolution
		Debug|Any CPU = Debug|Any CPU
		Release|Any CPU = Release|Any CPU
	EndGlobalSection
	GlobalSection(ProjectConfigurationPlatforms) = postSolution
		{AD95B8C1-E7AD-49E6-A15D-558FB9376ABD}.Debug|Any CPU.ActiveCfg = Debug|Any CPU
		{AD95B8C1-E7AD-49E6-A15D-558FB9376ABD}.Debug|Any CPU.Build.0 = Debug|Any CPU
		{AD95B8C1-E7AD-49E6-A15D-558FB9376ABD}.Release|Any CPU.ActiveCfg = Release|Any CPU
		{AD95B8C1-E7AD-49E6-A15D-558FB9376ABD}.Release|Any CPU.Build.0 = Release|Any CPU
	EndGlobalSection
	GlobalSection(SolutionProperties) = preSolution
		HideSolutionNode = FALSE
	EndGlobalSection
	GlobalSection(ExtensibilityGlobals) = postSolution
		SolutionGuid = {5170CED4-D831-49BC-B1A6-306EAA071D9D}
	EndGlobalSection
EndGlobal
